
Microsoft Visual Studio Solution File, Format Version 12.00
# Visual Studio Version 16
VisualStudioVersion = 16.0.30114.105
MinimumVisualStudioVersion = 10.0.40219.1
Project("{2150E333-8FDC-42A3-9474-1A3956D46DE8}") = "src", "src", "{7946BBD6-40CD-466D-9720-F4E05C8C564D}"
EndProject
Project("{2150E333-8FDC-42A3-9474-1A3956D46DE8}") = "core", "core", "{24822BA0-F4C6-4D47-A31A-37DBD9BB4DB9}"
EndProject
Project("{FAE04EC0-301F-11D3-BF4B-00C04F79EFBC}") = "Shop.Application", "src\core\Shop.Application\Shop.Application.csproj", "{D8A62A7A-74E5-4856-A6CC-3BD3C06E3080}"
EndProject
Project("{FAE04EC0-301F-11D3-BF4B-00C04F79EFBC}") = "Shop.Domain", "src\core\Shop.Domain\Shop.Domain.csproj", "{3A6ED1AF-05F9-46DE-9114-F7994742109D}"
EndProject
Project("{2150E333-8FDC-42A3-9474-1A3956D46DE8}") = "infrastructure", "infrastructure", "{6EBE1888-62C1-40F1-A235-E36DEF6BF368}"
EndProject
Project("{FAE04EC0-301F-11D3-BF4B-00C04F79EFBC}") = "Shop.Data", "src\infrastructure\Shop.Data\Shop.Data.csproj", "{E521C5E7-A53B-4809-9D0D-D4B283C2EEEF}"
EndProject
Project("{FAE04EC0-301F-11D3-BF4B-00C04F79EFBC}") = "Shop.Shared", "src\infrastructure\Shop.Shared\Shop.Shared.csproj", "{5D3F7CC8-09D7-476E-B6CB-525082B17B91}"
EndProject
Project("{2150E333-8FDC-42A3-9474-1A3956D46DE8}") = "presentation", "presentation", "{723CEA82-EFEF-49D0-89BB-9417FB08D054}"
EndProject
Project("{FAE04EC0-301F-11D3-BF4B-00C04F79EFBC}") = "Shop.WebApi", "src\presentation\Shop.WebApi\Shop.WebApi.csproj", "{A1B29C61-4C50-4984-9258-364D9415A718}"
EndProject
Global
	GlobalSection(SolutionConfigurationPlatforms) = preSolution
		Debug|Any CPU = Debug|Any CPU
		Debug|x64 = Debug|x64
		Debug|x86 = Debug|x86
		Release|Any CPU = Release|Any CPU
		Release|x64 = Release|x64
		Release|x86 = Release|x86
	EndGlobalSection
	GlobalSection(SolutionProperties) = preSolution
		HideSolutionNode = FALSE
	EndGlobalSection
	GlobalSection(ProjectConfigurationPlatforms) = postSolution
		{D8A62A7A-74E5-4856-A6CC-3BD3C06E3080}.Debug|Any CPU.ActiveCfg = Debug|Any CPU
		{D8A62A7A-74E5-4856-A6CC-3BD3C06E3080}.Debug|Any CPU.Build.0 = Debug|Any CPU
		{D8A62A7A-74E5-4856-A6CC-3BD3C06E3080}.Debug|x64.ActiveCfg = Debug|Any CPU
		{D8A62A7A-74E5-4856-A6CC-3BD3C06E3080}.Debug|x64.Build.0 = Debug|Any CPU
		{D8A62A7A-74E5-4856-A6CC-3BD3C06E3080}.Debug|x86.ActiveCfg = Debug|Any CPU
		{D8A62A7A-74E5-4856-A6CC-3BD3C06E3080}.Debug|x86.Build.0 = Debug|Any CPU
		{D8A62A7A-74E5-4856-A6CC-3BD3C06E3080}.Release|Any CPU.ActiveCfg = Release|Any CPU
		{D8A62A7A-74E5-4856-A6CC-3BD3C06E3080}.Release|Any CPU.Build.0 = Release|Any CPU
		{D8A62A7A-74E5-4856-A6CC-3BD3C06E3080}.Release|x64.ActiveCfg = Release|Any CPU
		{D8A62A7A-74E5-4856-A6CC-3BD3C06E3080}.Release|x64.Build.0 = Release|Any CPU
		{D8A62A7A-74E5-4856-A6CC-3BD3C06E3080}.Release|x86.ActiveCfg = Release|Any CPU
		{D8A62A7A-74E5-4856-A6CC-3BD3C06E3080}.Release|x86.Build.0 = Release|Any CPU
		{3A6ED1AF-05F9-46DE-9114-F7994742109D}.Debug|Any CPU.ActiveCfg = Debug|Any CPU
		{3A6ED1AF-05F9-46DE-9114-F7994742109D}.Debug|Any CPU.Build.0 = Debug|Any CPU
		{3A6ED1AF-05F9-46DE-9114-F7994742109D}.Debug|x64.ActiveCfg = Debug|Any CPU
		{3A6ED1AF-05F9-46DE-9114-F7994742109D}.Debug|x64.Build.0 = Debug|Any CPU
		{3A6ED1AF-05F9-46DE-9114-F7994742109D}.Debug|x86.ActiveCfg = Debug|Any CPU
		{3A6ED1AF-05F9-46DE-9114-F7994742109D}.Debug|x86.Build.0 = Debug|Any CPU
		{3A6ED1AF-05F9-46DE-9114-F7994742109D}.Release|Any CPU.ActiveCfg = Release|Any CPU
		{3A6ED1AF-05F9-46DE-9114-F7994742109D}.Release|Any CPU.Build.0 = Release|Any CPU
		{3A6ED1AF-05F9-46DE-9114-F7994742109D}.Release|x64.ActiveCfg = Release|Any CPU
		{3A6ED1AF-05F9-46DE-9114-F7994742109D}.Release|x64.Build.0 = Release|Any CPU
		{3A6ED1AF-05F9-46DE-9114-F7994742109D}.Release|x86.ActiveCfg = Release|Any CPU
		{3A6ED1AF-05F9-46DE-9114-F7994742109D}.Release|x86.Build.0 = Release|Any CPU
		{E521C5E7-A53B-4809-9D0D-D4B283C2EEEF}.Debug|Any CPU.ActiveCfg = Debug|Any CPU
		{E521C5E7-A53B-4809-9D0D-D4B283C2EEEF}.Debug|Any CPU.Build.0 = Debug|Any CPU
		{E521C5E7-A53B-4809-9D0D-D4B283C2EEEF}.Debug|x64.ActiveCfg = Debug|Any CPU
		{E521C5E7-A53B-4809-9D0D-D4B283C2EEEF}.Debug|x64.Build.0 = Debug|Any CPU
		{E521C5E7-A53B-4809-9D0D-D4B283C2EEEF}.Debug|x86.ActiveCfg = Debug|Any CPU
		{E521C5E7-A53B-4809-9D0D-D4B283C2EEEF}.Debug|x86.Build.0 = Debug|Any CPU
		{E521C5E7-A53B-4809-9D0D-D4B283C2EEEF}.Release|Any CPU.ActiveCfg = Release|Any CPU
		{E521C5E7-A53B-4809-9D0D-D4B283C2EEEF}.Release|Any CPU.Build.0 = Release|Any CPU
		{E521C5E7-A53B-4809-9D0D-D4B283C2EEEF}.Release|x64.ActiveCfg = Release|Any CPU
		{E521C5E7-A53B-4809-9D0D-D4B283C2EEEF}.Release|x64.Build.0 = Release|Any CPU
		{E521C5E7-A53B-4809-9D0D-D4B283C2EEEF}.Release|x86.ActiveCfg = Release|Any CPU
		{E521C5E7-A53B-4809-9D0D-D4B283C2EEEF}.Release|x86.Build.0 = Release|Any CPU
		{5D3F7CC8-09D7-476E-B6CB-525082B17B91}.Debug|Any CPU.ActiveCfg = Debug|Any CPU
		{5D3F7CC8-09D7-476E-B6CB-525082B17B91}.Debug|Any CPU.Build.0 = Debug|Any CPU
		{5D3F7CC8-09D7-476E-B6CB-525082B17B91}.Debug|x64.ActiveCfg = Debug|Any CPU
		{5D3F7CC8-09D7-476E-B6CB-525082B17B91}.Debug|x64.Build.0 = Debug|Any CPU
		{5D3F7CC8-09D7-476E-B6CB-525082B17B91}.Debug|x86.ActiveCfg = Debug|Any CPU
		{5D3F7CC8-09D7-476E-B6CB-525082B17B91}.Debug|x86.Build.0 = Debug|Any CPU
		{5D3F7CC8-09D7-476E-B6CB-525082B17B91}.Release|Any CPU.ActiveCfg = Release|Any CPU
		{5D3F7CC8-09D7-476E-B6CB-525082B17B91}.Release|Any CPU.Build.0 = Release|Any CPU
		{5D3F7CC8-09D7-476E-B6CB-525082B17B91}.Release|x64.ActiveCfg = Release|Any CPU
		{5D3F7CC8-09D7-476E-B6CB-525082B17B91}.Release|x64.Build.0 = Release|Any CPU
		{5D3F7CC8-09D7-476E-B6CB-525082B17B91}.Release|x86.ActiveCfg = Release|Any CPU
		{5D3F7CC8-09D7-476E-B6CB-525082B17B91}.Release|x86.Build.0 = Release|Any CPU
		{A1B29C61-4C50-4984-9258-364D9415A718}.Debug|Any CPU.ActiveCfg = Debug|Any CPU
		{A1B29C61-4C50-4984-9258-364D9415A718}.Debug|Any CPU.Build.0 = Debug|Any CPU
		{A1B29C61-4C50-4984-9258-364D9415A718}.Debug|x64.ActiveCfg = Debug|Any CPU
		{A1B29C61-4C50-4984-9258-364D9415A718}.Debug|x64.Build.0 = Debug|Any CPU
		{A1B29C61-4C50-4984-9258-364D9415A718}.Debug|x86.ActiveCfg = Debug|Any CPU
		{A1B29C61-4C50-4984-9258-364D9415A718}.Debug|x86.Build.0 = Debug|Any CPU
		{A1B29C61-4C50-4984-9258-364D9415A718}.Release|Any CPU.ActiveCfg = Release|Any CPU
		{A1B29C61-4C50-4984-9258-364D9415A718}.Release|Any CPU.Build.0 = Release|Any CPU
		{A1B29C61-4C50-4984-9258-364D9415A718}.Release|x64.ActiveCfg = Release|Any CPU
		{A1B29C61-4C50-4984-9258-364D9415A718}.Release|x64.Build.0 = Release|Any CPU
		{A1B29C61-4C50-4984-9258-364D9415A718}.Release|x86.ActiveCfg = Release|Any CPU
		{A1B29C61-4C50-4984-9258-364D9415A718}.Release|x86.Build.0 = Release|Any CPU
	EndGlobalSection
	GlobalSection(NestedProjects) = preSolution
		{24822BA0-F4C6-4D47-A31A-37DBD9BB4DB9} = {7946BBD6-40CD-466D-9720-F4E05C8C564D}
		{D8A62A7A-74E5-4856-A6CC-3BD3C06E3080} = {24822BA0-F4C6-4D47-A31A-37DBD9BB4DB9}
		{3A6ED1AF-05F9-46DE-9114-F7994742109D} = {24822BA0-F4C6-4D47-A31A-37DBD9BB4DB9}
		{6EBE1888-62C1-40F1-A235-E36DEF6BF368} = {7946BBD6-40CD-466D-9720-F4E05C8C564D}
		{E521C5E7-A53B-4809-9D0D-D4B283C2EEEF} = {6EBE1888-62C1-40F1-A235-E36DEF6BF368}
		{5D3F7CC8-09D7-476E-B6CB-525082B17B91} = {6EBE1888-62C1-40F1-A235-E36DEF6BF368}
		{723CEA82-EFEF-49D0-89BB-9417FB08D054} = {7946BBD6-40CD-466D-9720-F4E05C8C564D}
		{A1B29C61-4C50-4984-9258-364D9415A718} = {723CEA82-EFEF-49D0-89BB-9417FB08D054}
	EndGlobalSection
EndGlobal
