
Microsoft Visual Studio Solution File, Format Version 12.00
# Visual Studio Version 17
VisualStudioVersion = 17.0.31903.59
MinimumVisualStudioVersion = 10.0.40219.1
Project("{2150E333-8FDC-42A3-9474-1A3956D46DE8}") = "src", "src", "{0A884688-5725-41D1-BC70-0818220AD838}"
EndProject
Project("{2150E333-8FDC-42A3-9474-1A3956D46DE8}") = "presentation", "presentation", "{450F6797-3C02-4625-AAE1-D73C8AB0A65F}"
EndProject
Project("{9A19103F-16F7-4668-BE54-9A1E7A4F7556}") = "WebAPI", "src\presentation\WebAPI\WebAPI.csproj", "{EAAF67BD-00D9-451F-BE69-77E785DB54BF}"
EndProject
Project("{2150E333-8FDC-42A3-9474-1A3956D46DE8}") = "core", "core", "{591A1D2A-2A80-4783-A44D-7A13B58A4B53}"
EndProject
Project("{9A19103F-16F7-4668-BE54-9A1E7A4F7556}") = "Domain", "src\core\Domain\Domain.csproj", "{36C0559D-3FA1-4FFC-8A12-181E5D27EBE7}"
EndProject
Project("{2150E333-8FDC-42A3-9474-1A3956D46DE8}") = "infrastructure", "infrastructure", "{93FCDC2E-6DE3-4C73-9DE3-39BBF02FAB10}"
EndProject
Project("{9A19103F-16F7-4668-BE54-9A1E7A4F7556}") = "Data", "src\infrastructure\Data\Data.csproj", "{3CDBBEE8-EAF3-4C08-9E1F-A749AFB701D7}"
EndProject
Project("{2150E333-8FDC-42A3-9474-1A3956D46DE8}") = "services", "services", "{B6E20000-88B2-44F0-9CDB-AE05D0A854D6}"
EndProject
Project("{9A19103F-16F7-4668-BE54-9A1E7A4F7556}") = "ProductAPI", "src\services\ProductAPI\ProductAPI.csproj", "{89612F5F-9273-4F9D-A9C2-30482BDA82F3}"
EndProject
Project("{9A19103F-16F7-4668-BE54-9A1E7A4F7556}") = "Application", "src\core\Application\Application.csproj", "{8A436634-6E15-4048-B5F5-455CAC36C04D}"
EndProject
Project("{2150E333-8FDC-42A3-9474-1A3956D46DE8}") = "notes", "notes", "{01F71514-6792-4343-AFBC-28A65DC7857E}"
EndProject
Project("{2150E333-8FDC-42A3-9474-1A3956D46DE8}") = "creational-patterns", "creational-patterns", "{8A97A082-04AB-4617-854F-227A88E1CFA5}"
EndProject
Project("{FAE04EC0-301F-11D3-BF4B-00C04F79EFBC}") = "BumbleBikesLib", "notes\creational-patterns\BumbleBikesLib\BumbleBikesLib.csproj", "{E9FE7C9A-67BD-4228-BCC1-A28FF42E8792}"
EndProject
Project("{FAE04EC0-301F-11D3-BF4B-00C04F79EFBC}") = "BicycleAbstractFactoryExample", "notes\creational-patterns\BicycleAbstractFactoryExample\BicycleAbstractFactoryExample.csproj", "{4CE8909C-2A71-43CB-8160-05F971E7D402}"
EndProject
Project("{FAE04EC0-301F-11D3-BF4B-00C04F79EFBC}") = "BicycleBuilderExample", "notes\creational-patterns\BicycleBuilderExample\BicycleBuilderExample.csproj", "{ED6035CC-93BB-463E-AEE8-0B75E6CC586D}"
EndProject
Project("{FAE04EC0-301F-11D3-BF4B-00C04F79EFBC}") = "ObjectPoolExample", "notes\creational-patterns\ObjectPoolExample\ObjectPoolExample.csproj", "{CF09F720-BE13-42F5-B26E-08D98A2CC48A}"
EndProject
Global
	GlobalSection(SolutionConfigurationPlatforms) = preSolution
		Debug|Any CPU = Debug|Any CPU
		Release|Any CPU = Release|Any CPU
	EndGlobalSection
	GlobalSection(ProjectConfigurationPlatforms) = postSolution
		{EAAF67BD-00D9-451F-BE69-77E785DB54BF}.Debug|Any CPU.ActiveCfg = Debug|Any CPU
		{EAAF67BD-00D9-451F-BE69-77E785DB54BF}.Debug|Any CPU.Build.0 = Debug|Any CPU
		{EAAF67BD-00D9-451F-BE69-77E785DB54BF}.Release|Any CPU.ActiveCfg = Release|Any CPU
		{EAAF67BD-00D9-451F-BE69-77E785DB54BF}.Release|Any CPU.Build.0 = Release|Any CPU
		{36C0559D-3FA1-4FFC-8A12-181E5D27EBE7}.Debug|Any CPU.ActiveCfg = Debug|Any CPU
		{36C0559D-3FA1-4FFC-8A12-181E5D27EBE7}.Debug|Any CPU.Build.0 = Debug|Any CPU
		{36C0559D-3FA1-4FFC-8A12-181E5D27EBE7}.Release|Any CPU.ActiveCfg = Release|Any CPU
		{36C0559D-3FA1-4FFC-8A12-181E5D27EBE7}.Release|Any CPU.Build.0 = Release|Any CPU
		{3CDBBEE8-EAF3-4C08-9E1F-A749AFB701D7}.Debug|Any CPU.ActiveCfg = Debug|Any CPU
		{3CDBBEE8-EAF3-4C08-9E1F-A749AFB701D7}.Debug|Any CPU.Build.0 = Debug|Any CPU
		{3CDBBEE8-EAF3-4C08-9E1F-A749AFB701D7}.Release|Any CPU.ActiveCfg = Release|Any CPU
		{3CDBBEE8-EAF3-4C08-9E1F-A749AFB701D7}.Release|Any CPU.Build.0 = Release|Any CPU
		{89612F5F-9273-4F9D-A9C2-30482BDA82F3}.Debug|Any CPU.ActiveCfg = Debug|Any CPU
		{89612F5F-9273-4F9D-A9C2-30482BDA82F3}.Debug|Any CPU.Build.0 = Debug|Any CPU
		{89612F5F-9273-4F9D-A9C2-30482BDA82F3}.Release|Any CPU.ActiveCfg = Release|Any CPU
		{89612F5F-9273-4F9D-A9C2-30482BDA82F3}.Release|Any CPU.Build.0 = Release|Any CPU
		{8A436634-6E15-4048-B5F5-455CAC36C04D}.Debug|Any CPU.ActiveCfg = Debug|Any CPU
		{8A436634-6E15-4048-B5F5-455CAC36C04D}.Debug|Any CPU.Build.0 = Debug|Any CPU
		{8A436634-6E15-4048-B5F5-455CAC36C04D}.Release|Any CPU.ActiveCfg = Release|Any CPU
		{8A436634-6E15-4048-B5F5-455CAC36C04D}.Release|Any CPU.Build.0 = Release|Any CPU
		{E9FE7C9A-67BD-4228-BCC1-A28FF42E8792}.Debug|Any CPU.ActiveCfg = Debug|Any CPU
		{E9FE7C9A-67BD-4228-BCC1-A28FF42E8792}.Debug|Any CPU.Build.0 = Debug|Any CPU
		{E9FE7C9A-67BD-4228-BCC1-A28FF42E8792}.Release|Any CPU.ActiveCfg = Release|Any CPU
		{E9FE7C9A-67BD-4228-BCC1-A28FF42E8792}.Release|Any CPU.Build.0 = Release|Any CPU
		{4CE8909C-2A71-43CB-8160-05F971E7D402}.Debug|Any CPU.ActiveCfg = Debug|Any CPU
		{4CE8909C-2A71-43CB-8160-05F971E7D402}.Debug|Any CPU.Build.0 = Debug|Any CPU
		{4CE8909C-2A71-43CB-8160-05F971E7D402}.Release|Any CPU.ActiveCfg = Release|Any CPU
		{4CE8909C-2A71-43CB-8160-05F971E7D402}.Release|Any CPU.Build.0 = Release|Any CPU
		{ED6035CC-93BB-463E-AEE8-0B75E6CC586D}.Debug|Any CPU.ActiveCfg = Debug|Any CPU
		{ED6035CC-93BB-463E-AEE8-0B75E6CC586D}.Debug|Any CPU.Build.0 = Debug|Any CPU
		{ED6035CC-93BB-463E-AEE8-0B75E6CC586D}.Release|Any CPU.ActiveCfg = Release|Any CPU
		{ED6035CC-93BB-463E-AEE8-0B75E6CC586D}.Release|Any CPU.Build.0 = Release|Any CPU
		{CF09F720-BE13-42F5-B26E-08D98A2CC48A}.Debug|Any CPU.ActiveCfg = Debug|Any CPU
		{CF09F720-BE13-42F5-B26E-08D98A2CC48A}.Debug|Any CPU.Build.0 = Debug|Any CPU
		{CF09F720-BE13-42F5-B26E-08D98A2CC48A}.Release|Any CPU.ActiveCfg = Release|Any CPU
		{CF09F720-BE13-42F5-B26E-08D98A2CC48A}.Release|Any CPU.Build.0 = Release|Any CPU
	EndGlobalSection
	GlobalSection(SolutionProperties) = preSolution
		HideSolutionNode = FALSE
	EndGlobalSection
	GlobalSection(NestedProjects) = preSolution
		{450F6797-3C02-4625-AAE1-D73C8AB0A65F} = {0A884688-5725-41D1-BC70-0818220AD838}
		{EAAF67BD-00D9-451F-BE69-77E785DB54BF} = {450F6797-3C02-4625-AAE1-D73C8AB0A65F}
		{591A1D2A-2A80-4783-A44D-7A13B58A4B53} = {0A884688-5725-41D1-BC70-0818220AD838}
		{36C0559D-3FA1-4FFC-8A12-181E5D27EBE7} = {591A1D2A-2A80-4783-A44D-7A13B58A4B53}
		{93FCDC2E-6DE3-4C73-9DE3-39BBF02FAB10} = {0A884688-5725-41D1-BC70-0818220AD838}
		{3CDBBEE8-EAF3-4C08-9E1F-A749AFB701D7} = {93FCDC2E-6DE3-4C73-9DE3-39BBF02FAB10}
		{B6E20000-88B2-44F0-9CDB-AE05D0A854D6} = {0A884688-5725-41D1-BC70-0818220AD838}
		{89612F5F-9273-4F9D-A9C2-30482BDA82F3} = {B6E20000-88B2-44F0-9CDB-AE05D0A854D6}
		{8A436634-6E15-4048-B5F5-455CAC36C04D} = {591A1D2A-2A80-4783-A44D-7A13B58A4B53}
		{8A97A082-04AB-4617-854F-227A88E1CFA5} = {01F71514-6792-4343-AFBC-28A65DC7857E}
		{E9FE7C9A-67BD-4228-BCC1-A28FF42E8792} = {8A97A082-04AB-4617-854F-227A88E1CFA5}
		{4CE8909C-2A71-43CB-8160-05F971E7D402} = {8A97A082-04AB-4617-854F-227A88E1CFA5}
		{ED6035CC-93BB-463E-AEE8-0B75E6CC586D} = {8A97A082-04AB-4617-854F-227A88E1CFA5}
		{CF09F720-BE13-42F5-B26E-08D98A2CC48A} = {8A97A082-04AB-4617-854F-227A88E1CFA5}
	EndGlobalSection
	GlobalSection(ExtensibilityGlobals) = postSolution
		SolutionGuid = {F91E9DAC-E265-4C7C-AFF4-92022AEED6F1}
	EndGlobalSection
EndGlobal
